// !$*UTF8*$!
{
	archiveVersion = 1;
	classes = {
	};
	objectVersion = 55;
	objects = {

/* Begin PBXBuildFile section */
		DCADA57828CFD233004F9A04 /* AppDelegate.swift in Sources */ = {isa = PBXBuildFile; fileRef = DCADA57728CFD233004F9A04 /* AppDelegate.swift */; };
		DCADA57A28CFD233004F9A04 /* SceneDelegate.swift in Sources */ = {isa = PBXBuildFile; fileRef = DCADA57928CFD233004F9A04 /* SceneDelegate.swift */; };
		DCADA57C28CFD233004F9A04 /* ViewController.swift in Sources */ = {isa = PBXBuildFile; fileRef = DCADA57B28CFD233004F9A04 /* ViewController.swift */; };
		DCADA57F28CFD233004F9A04 /* Main.storyboard in Resources */ = {isa = PBXBuildFile; fileRef = DCADA57D28CFD233004F9A04 /* Main.storyboard */; };
		DCADA58128CFD234004F9A04 /* Assets.xcassets in Resources */ = {isa = PBXBuildFile; fileRef = DCADA58028CFD234004F9A04 /* Assets.xcassets */; };
		DCADA58428CFD234004F9A04 /* LaunchScreen.storyboard in Resources */ = {isa = PBXBuildFile; fileRef = DCADA58228CFD234004F9A04 /* LaunchScreen.storyboard */; };
		DCADA58F28CFD235004F9A04 /* CSE438_HannaFu_Lab1Tests.swift in Sources */ = {isa = PBXBuildFile; fileRef = DCADA58E28CFD235004F9A04 /* CSE438_HannaFu_Lab1Tests.swift */; };
		DCADA59928CFD235004F9A04 /* CSE438_HannaFu_Lab1UITests.swift in Sources */ = {isa = PBXBuildFile; fileRef = DCADA59828CFD235004F9A04 /* CSE438_HannaFu_Lab1UITests.swift */; };
		DCADA59B28CFD235004F9A04 /* CSE438_HannaFu_Lab1UITestsLaunchTests.swift in Sources */ = {isa = PBXBuildFile; fileRef = DCADA59A28CFD235004F9A04 /* CSE438_HannaFu_Lab1UITestsLaunchTests.swift */; };
/* End PBXBuildFile section */

/* Begin PBXContainerItemProxy section */
		DCADA58B28CFD235004F9A04 /* PBXContainerItemProxy */ = {
			isa = PBXContainerItemProxy;
			containerPortal = DCADA56C28CFD233004F9A04 /* Project object */;
			proxyType = 1;
			remoteGlobalIDString = DCADA57328CFD233004F9A04;
			remoteInfo = "CSE438-HannaFu-Lab1";
		};
		DCADA59528CFD235004F9A04 /* PBXContainerItemProxy */ = {
			isa = PBXContainerItemProxy;
			containerPortal = DCADA56C28CFD233004F9A04 /* Project object */;
			proxyType = 1;
			remoteGlobalIDString = DCADA57328CFD233004F9A04;
			remoteInfo = "CSE438-HannaFu-Lab1";
		};
/* End PBXContainerItemProxy section */

/* Begin PBXFileReference section */
		DCADA57428CFD233004F9A04 /* CSE438-HannaFu-Lab1.app */ = {isa = PBXFileReference; explicitFileType = wrapper.application; includeInIndex = 0; path = "CSE438-HannaFu-Lab1.app"; sourceTree = BUILT_PRODUCTS_DIR; };
		DCADA57728CFD233004F9A04 /* AppDelegate.swift */ = {isa = PBXFileReference; lastKnownFileType = sourcecode.swift; path = AppDelegate.swift; sourceTree = "<group>"; };
		DCADA57928CFD233004F9A04 /* SceneDelegate.swift */ = {isa = PBXFileReference; lastKnownFileType = sourcecode.swift; path = SceneDelegate.swift; sourceTree = "<group>"; };
		DCADA57B28CFD233004F9A04 /* ViewController.swift */ = {isa = PBXFileReference; lastKnownFileType = sourcecode.swift; path = ViewController.swift; sourceTree = "<group>"; };
		DCADA57E28CFD233004F9A04 /* Base */ = {isa = PBXFileReference; lastKnownFileType = file.storyboard; name = Base; path = Base.lproj/Main.storyboard; sourceTree = "<group>"; };
		DCADA58028CFD234004F9A04 /* Assets.xcassets */ = {isa = PBXFileReference; lastKnownFileType = folder.assetcatalog; path = Assets.xcassets; sourceTree = "<group>"; };
		DCADA58328CFD234004F9A04 /* Base */ = {isa = PBXFileReference; lastKnownFileType = file.storyboard; name = Base; path = Base.lproj/LaunchScreen.storyboard; sourceTree = "<group>"; };
		DCADA58528CFD234004F9A04 /* Info.plist */ = {isa = PBXFileReference; lastKnownFileType = text.plist.xml; path = Info.plist; sourceTree = "<group>"; };
		DCADA58A28CFD235004F9A04 /* CSE438-HannaFu-Lab1Tests.xctest */ = {isa = PBXFileReference; explicitFileType = wrapper.cfbundle; includeInIndex = 0; path = "CSE438-HannaFu-Lab1Tests.xctest"; sourceTree = BUILT_PRODUCTS_DIR; };
		DCADA58E28CFD235004F9A04 /* CSE438_HannaFu_Lab1Tests.swift */ = {isa = PBXFileReference; lastKnownFileType = sourcecode.swift; path = CSE438_HannaFu_Lab1Tests.swift; sourceTree = "<group>"; };
		DCADA59428CFD235004F9A04 /* CSE438-HannaFu-Lab1UITests.xctest */ = {isa = PBXFileReference; explicitFileType = wrapper.cfbundle; includeInIndex = 0; path = "CSE438-HannaFu-Lab1UITests.xctest"; sourceTree = BUILT_PRODUCTS_DIR; };
		DCADA59828CFD235004F9A04 /* CSE438_HannaFu_Lab1UITests.swift */ = {isa = PBXFileReference; lastKnownFileType = sourcecode.swift; path = CSE438_HannaFu_Lab1UITests.swift; sourceTree = "<group>"; };
		DCADA59A28CFD235004F9A04 /* CSE438_HannaFu_Lab1UITestsLaunchTests.swift */ = {isa = PBXFileReference; lastKnownFileType = sourcecode.swift; path = CSE438_HannaFu_Lab1UITestsLaunchTests.swift; sourceTree = "<group>"; };
/* End PBXFileReference section */

/* Begin PBXFrameworksBuildPhase section */
		DCADA57128CFD233004F9A04 /* Frameworks */ = {
			isa = PBXFrameworksBuildPhase;
			buildActionMask = 2147483647;
			files = (
			);
			runOnlyForDeploymentPostprocessing = 0;
		};
		DCADA58728CFD235004F9A04 /* Frameworks */ = {
			isa = PBXFrameworksBuildPhase;
			buildActionMask = 2147483647;
			files = (
			);
			runOnlyForDeploymentPostprocessing = 0;
		};
		DCADA59128CFD235004F9A04 /* Frameworks */ = {
			isa = PBXFrameworksBuildPhase;
			buildActionMask = 2147483647;
			files = (
			);
			runOnlyForDeploymentPostprocessing = 0;
		};
/* End PBXFrameworksBuildPhase section */

/* Begin PBXGroup section */
		DCADA56B28CFD233004F9A04 = {
			isa = PBXGroup;
			children = (
				DCADA57628CFD233004F9A04 /* CSE438-HannaFu-Lab1 */,
				DCADA58D28CFD235004F9A04 /* CSE438-HannaFu-Lab1Tests */,
				DCADA59728CFD235004F9A04 /* CSE438-HannaFu-Lab1UITests */,
				DCADA57528CFD233004F9A04 /* Products */,
			);
			sourceTree = "<group>";
		};
		DCADA57528CFD233004F9A04 /* Products */ = {
			isa = PBXGroup;
			children = (
				DCADA57428CFD233004F9A04 /* CSE438-HannaFu-Lab1.app */,
				DCADA58A28CFD235004F9A04 /* CSE438-HannaFu-Lab1Tests.xctest */,
				DCADA59428CFD235004F9A04 /* CSE438-HannaFu-Lab1UITests.xctest */,
			);
			name = Products;
			sourceTree = "<group>";
		};
		DCADA57628CFD233004F9A04 /* CSE438-HannaFu-Lab1 */ = {
			isa = PBXGroup;
			children = (
				DCADA57728CFD233004F9A04 /* AppDelegate.swift */,
				DCADA57928CFD233004F9A04 /* SceneDelegate.swift */,
				DCADA57B28CFD233004F9A04 /* ViewController.swift */,
				DCADA57D28CFD233004F9A04 /* Main.storyboard */,
				DCADA58028CFD234004F9A04 /* Assets.xcassets */,
				DCADA58228CFD234004F9A04 /* LaunchScreen.storyboard */,
				DCADA58528CFD234004F9A04 /* Info.plist */,
			);
			path = "CSE438-HannaFu-Lab1";
			sourceTree = "<group>";
		};
		DCADA58D28CFD235004F9A04 /* CSE438-HannaFu-Lab1Tests */ = {
			isa = PBXGroup;
			children = (
				DCADA58E28CFD235004F9A04 /* CSE438_HannaFu_Lab1Tests.swift */,
			);
			path = "CSE438-HannaFu-Lab1Tests";
			sourceTree = "<group>";
		};
		DCADA59728CFD235004F9A04 /* CSE438-HannaFu-Lab1UITests */ = {
			isa = PBXGroup;
			children = (
				DCADA59828CFD235004F9A04 /* CSE438_HannaFu_Lab1UITests.swift */,
				DCADA59A28CFD235004F9A04 /* CSE438_HannaFu_Lab1UITestsLaunchTests.swift */,
			);
			path = "CSE438-HannaFu-Lab1UITests";
			sourceTree = "<group>";
		};
/* End PBXGroup section */

/* Begin PBXNativeTarget section */
		DCADA57328CFD233004F9A04 /* CSE438-HannaFu-Lab1 */ = {
			isa = PBXNativeTarget;
			buildConfigurationList = DCADA59E28CFD235004F9A04 /* Build configuration list for PBXNativeTarget "CSE438-HannaFu-Lab1" */;
			buildPhases = (
				DCADA57028CFD233004F9A04 /* Sources */,
				DCADA57128CFD233004F9A04 /* Frameworks */,
				DCADA57228CFD233004F9A04 /* Resources */,
			);
			buildRules = (
			);
			dependencies = (
			);
			name = "CSE438-HannaFu-Lab1";
			productName = "CSE438-HannaFu-Lab1";
			productReference = DCADA57428CFD233004F9A04 /* CSE438-HannaFu-Lab1.app */;
			productType = "com.apple.product-type.application";
		};
		DCADA58928CFD235004F9A04 /* CSE438-HannaFu-Lab1Tests */ = {
			isa = PBXNativeTarget;
			buildConfigurationList = DCADA5A128CFD235004F9A04 /* Build configuration list for PBXNativeTarget "CSE438-HannaFu-Lab1Tests" */;
			buildPhases = (
				DCADA58628CFD235004F9A04 /* Sources */,
				DCADA58728CFD235004F9A04 /* Frameworks */,
				DCADA58828CFD235004F9A04 /* Resources */,
			);
			buildRules = (
			);
			dependencies = (
				DCADA58C28CFD235004F9A04 /* PBXTargetDependency */,
			);
			name = "CSE438-HannaFu-Lab1Tests";
			productName = "CSE438-HannaFu-Lab1Tests";
			productReference = DCADA58A28CFD235004F9A04 /* CSE438-HannaFu-Lab1Tests.xctest */;
			productType = "com.apple.product-type.bundle.unit-test";
		};
		DCADA59328CFD235004F9A04 /* CSE438-HannaFu-Lab1UITests */ = {
			isa = PBXNativeTarget;
			buildConfigurationList = DCADA5A428CFD235004F9A04 /* Build configuration list for PBXNativeTarget "CSE438-HannaFu-Lab1UITests" */;
			buildPhases = (
				DCADA59028CFD235004F9A04 /* Sources */,
				DCADA59128CFD235004F9A04 /* Frameworks */,
				DCADA59228CFD235004F9A04 /* Resources */,
			);
			buildRules = (
			);
			dependencies = (
				DCADA59628CFD235004F9A04 /* PBXTargetDependency */,
			);
			name = "CSE438-HannaFu-Lab1UITests";
			productName = "CSE438-HannaFu-Lab1UITests";
			productReference = DCADA59428CFD235004F9A04 /* CSE438-HannaFu-Lab1UITests.xctest */;
			productType = "com.apple.product-type.bundle.ui-testing";
		};
/* End PBXNativeTarget section */

/* Begin PBXProject section */
		DCADA56C28CFD233004F9A04 /* Project object */ = {
			isa = PBXProject;
			attributes = {
				BuildIndependentTargetsInParallel = 1;
				LastSwiftUpdateCheck = 1340;
				LastUpgradeCheck = 1340;
				TargetAttributes = {
					DCADA57328CFD233004F9A04 = {
						CreatedOnToolsVersion = 13.4.1;
					};
					DCADA58928CFD235004F9A04 = {
						CreatedOnToolsVersion = 13.4.1;
						TestTargetID = DCADA57328CFD233004F9A04;
					};
					DCADA59328CFD235004F9A04 = {
						CreatedOnToolsVersion = 13.4.1;
						TestTargetID = DCADA57328CFD233004F9A04;
					};
				};
			};
			buildConfigurationList = DCADA56F28CFD233004F9A04 /* Build configuration list for PBXProject "CSE438-HannaFu-Lab1" */;
			compatibilityVersion = "Xcode 13.0";
			developmentRegion = en;
			hasScannedForEncodings = 0;
			knownRegions = (
				en,
				Base,
			);
			mainGroup = DCADA56B28CFD233004F9A04;
			productRefGroup = DCADA57528CFD233004F9A04 /* Products */;
			projectDirPath = "";
			projectRoot = "";
			targets = (
				DCADA57328CFD233004F9A04 /* CSE438-HannaFu-Lab1 */,
				DCADA58928CFD235004F9A04 /* CSE438-HannaFu-Lab1Tests */,
				DCADA59328CFD235004F9A04 /* CSE438-HannaFu-Lab1UITests */,
			);
		};
/* End PBXProject section */

/* Begin PBXResourcesBuildPhase section */
		DCADA57228CFD233004F9A04 /* Resources */ = {
			isa = PBXResourcesBuildPhase;
			buildActionMask = 2147483647;
			files = (
				DCADA58428CFD234004F9A04 /* LaunchScreen.storyboard in Resources */,
				DCADA58128CFD234004F9A04 /* Assets.xcassets in Resources */,
				DCADA57F28CFD233004F9A04 /* Main.storyboard in Resources */,
			);
			runOnlyForDeploymentPostprocessing = 0;
		};
		DCADA58828CFD235004F9A04 /* Resources */ = {
			isa = PBXResourcesBuildPhase;
			buildActionMask = 2147483647;
			files = (
			);
			runOnlyForDeploymentPostprocessing = 0;
		};
		DCADA59228CFD235004F9A04 /* Resources */ = {
			isa = PBXResourcesBuildPhase;
			buildActionMask = 2147483647;
			files = (
			);
			runOnlyForDeploymentPostprocessing = 0;
		};
/* End PBXResourcesBuildPhase section */

/* Begin PBXSourcesBuildPhase section */
		DCADA57028CFD233004F9A04 /* Sources */ = {
			isa = PBXSourcesBuildPhase;
			buildActionMask = 2147483647;
			files = (
				DCADA57C28CFD233004F9A04 /* ViewController.swift in Sources */,
				DCADA57828CFD233004F9A04 /* AppDelegate.swift in Sources */,
				DCADA57A28CFD233004F9A04 /* SceneDelegate.swift in Sources */,
			);
			runOnlyForDeploymentPostprocessing = 0;
		};
		DCADA58628CFD235004F9A04 /* Sources */ = {
			isa = PBXSourcesBuildPhase;
			buildActionMask = 2147483647;
			files = (
				DCADA58F28CFD235004F9A04 /* CSE438_HannaFu_Lab1Tests.swift in Sources */,
			);
			runOnlyForDeploymentPostprocessing = 0;
		};
		DCADA59028CFD235004F9A04 /* Sources */ = {
			isa = PBXSourcesBuildPhase;
			buildActionMask = 2147483647;
			files = (
				DCADA59B28CFD235004F9A04 /* CSE438_HannaFu_Lab1UITestsLaunchTests.swift in Sources */,
				DCADA59928CFD235004F9A04 /* CSE438_HannaFu_Lab1UITests.swift in Sources */,
			);
			runOnlyForDeploymentPostprocessing = 0;
		};
/* End PBXSourcesBuildPhase section */

/* Begin PBXTargetDependency section */
		DCADA58C28CFD235004F9A04 /* PBXTargetDependency */ = {
			isa = PBXTargetDependency;
			target = DCADA57328CFD233004F9A04 /* CSE438-HannaFu-Lab1 */;
			targetProxy = DCADA58B28CFD235004F9A04 /* PBXContainerItemProxy */;
		};
		DCADA59628CFD235004F9A04 /* PBXTargetDependency */ = {
			isa = PBXTargetDependency;
			target = DCADA57328CFD233004F9A04 /* CSE438-HannaFu-Lab1 */;
			targetProxy = DCADA59528CFD235004F9A04 /* PBXContainerItemProxy */;
		};
/* End PBXTargetDependency section */

/* Begin PBXVariantGroup section */
		DCADA57D28CFD233004F9A04 /* Main.storyboard */ = {
			isa = PBXVariantGroup;
			children = (
				DCADA57E28CFD233004F9A04 /* Base */,
			);
			name = Main.storyboard;
			sourceTree = "<group>";
		};
		DCADA58228CFD234004F9A04 /* LaunchScreen.storyboard */ = {
			isa = PBXVariantGroup;
			children = (
				DCADA58328CFD234004F9A04 /* Base */,
			);
			name = LaunchScreen.storyboard;
			sourceTree = "<group>";
		};
/* End PBXVariantGroup section */

/* Begin XCBuildConfiguration section */
		DCADA59C28CFD235004F9A04 /* Debug */ = {
			isa = XCBuildConfiguration;
			buildSettings = {
				ALWAYS_SEARCH_USER_PATHS = NO;
				CLANG_ANALYZER_NONNULL = YES;
				CLANG_ANALYZER_NUMBER_OBJECT_CONVERSION = YES_AGGRESSIVE;
				CLANG_CXX_LANGUAGE_STANDARD = "gnu++17";
				CLANG_ENABLE_MODULES = YES;
				CLANG_ENABLE_OBJC_ARC = YES;
				CLANG_ENABLE_OBJC_WEAK = YES;
				CLANG_WARN_BLOCK_CAPTURE_AUTORELEASING = YES;
				CLANG_WARN_BOOL_CONVERSION = YES;
				CLANG_WARN_COMMA = YES;
				CLANG_WARN_CONSTANT_CONVERSION = YES;
				CLANG_WARN_DEPRECATED_OBJC_IMPLEMENTATIONS = YES;
				CLANG_WARN_DIRECT_OBJC_ISA_USAGE = YES_ERROR;
				CLANG_WARN_DOCUMENTATION_COMMENTS = YES;
				CLANG_WARN_EMPTY_BODY = YES;
				CLANG_WARN_ENUM_CONVERSION = YES;
				CLANG_WARN_INFINITE_RECURSION = YES;
				CLANG_WARN_INT_CONVERSION = YES;
				CLANG_WARN_NON_LITERAL_NULL_CONVERSION = YES;
				CLANG_WARN_OBJC_IMPLICIT_RETAIN_SELF = YES;
				CLANG_WARN_OBJC_LITERAL_CONVERSION = YES;
				CLANG_WARN_OBJC_ROOT_CLASS = YES_ERROR;
				CLANG_WARN_QUOTED_INCLUDE_IN_FRAMEWORK_HEADER = YES;
				CLANG_WARN_RANGE_LOOP_ANALYSIS = YES;
				CLANG_WARN_STRICT_PROTOTYPES = YES;
				CLANG_WARN_SUSPICIOUS_MOVE = YES;
				CLANG_WARN_UNGUARDED_AVAILABILITY = YES_AGGRESSIVE;
				CLANG_WARN_UNREACHABLE_CODE = YES;
				CLANG_WARN__DUPLICATE_METHOD_MATCH = YES;
				COPY_PHASE_STRIP = NO;
				DEBUG_INFORMATION_FORMAT = dwarf;
				ENABLE_STRICT_OBJC_MSGSEND = YES;
				ENABLE_TESTABILITY = YES;
				GCC_C_LANGUAGE_STANDARD = gnu11;
				GCC_DYNAMIC_NO_PIC = NO;
				GCC_NO_COMMON_BLOCKS = YES;
				GCC_OPTIMIZATION_LEVEL = 0;
				GCC_PREPROCESSOR_DEFINITIONS = (
					"DEBUG=1",
					"$(inherited)",
				);
				GCC_WARN_64_TO_32_BIT_CONVERSION = YES;
				GCC_WARN_ABOUT_RETURN_TYPE = YES_ERROR;
				GCC_WARN_UNDECLARED_SELECTOR = YES;
				GCC_WARN_UNINITIALIZED_AUTOS = YES_AGGRESSIVE;
				GCC_WARN_UNUSED_FUNCTION = YES;
				GCC_WARN_UNUSED_VARIABLE = YES;
				IPHONEOS_DEPLOYMENT_TARGET = 15.5;
				MTL_ENABLE_DEBUG_INFO = INCLUDE_SOURCE;
				MTL_FAST_MATH = YES;
				ONLY_ACTIVE_ARCH = YES;
				SDKROOT = iphoneos;
				SWIFT_ACTIVE_COMPILATION_CONDITIONS = DEBUG;
				SWIFT_OPTIMIZATION_LEVEL = "-Onone";
			};
			name = Debug;
		};
		DCADA59D28CFD235004F9A04 /* Release */ = {
			isa = XCBuildConfiguration;
			buildSettings = {
				ALWAYS_SEARCH_USER_PATHS = NO;
				CLANG_ANALYZER_NONNULL = YES;
				CLANG_ANALYZER_NUMBER_OBJECT_CONVERSION = YES_AGGRESSIVE;
				CLANG_CXX_LANGUAGE_STANDARD = "gnu++17";
				CLANG_ENABLE_MODULES = YES;
				CLANG_ENABLE_OBJC_ARC = YES;
				CLANG_ENABLE_OBJC_WEAK = YES;
				CLANG_WARN_BLOCK_CAPTURE_AUTORELEASING = YES;
				CLANG_WARN_BOOL_CONVERSION = YES;
				CLANG_WARN_COMMA = YES;
				CLANG_WARN_CONSTANT_CONVERSION = YES;
				CLANG_WARN_DEPRECATED_OBJC_IMPLEMENTATIONS = YES;
				CLANG_WARN_DIRECT_OBJC_ISA_USAGE = YES_ERROR;
				CLANG_WARN_DOCUMENTATION_COMMENTS = YES;
				CLANG_WARN_EMPTY_BODY = YES;
				CLANG_WARN_ENUM_CONVERSION = YES;
				CLANG_WARN_INFINITE_RECURSION = YES;
				CLANG_WARN_INT_CONVERSION = YES;
				CLANG_WARN_NON_LITERAL_NULL_CONVERSION = YES;
				CLANG_WARN_OBJC_IMPLICIT_RETAIN_SELF = YES;
				CLANG_WARN_OBJC_LITERAL_CONVERSION = YES;
				CLANG_WARN_OBJC_ROOT_CLASS = YES_ERROR;
				CLANG_WARN_QUOTED_INCLUDE_IN_FRAMEWORK_HEADER = YES;
				CLANG_WARN_RANGE_LOOP_ANALYSIS = YES;
				CLANG_WARN_STRICT_PROTOTYPES = YES;
				CLANG_WARN_SUSPICIOUS_MOVE = YES;
				CLANG_WARN_UNGUARDED_AVAILABILITY = YES_AGGRESSIVE;
				CLANG_WARN_UNREACHABLE_CODE = YES;
				CLANG_WARN__DUPLICATE_METHOD_MATCH = YES;
				COPY_PHASE_STRIP = NO;
				DEBUG_INFORMATION_FORMAT = "dwarf-with-dsym";
				ENABLE_NS_ASSERTIONS = NO;
				ENABLE_STRICT_OBJC_MSGSEND = YES;
				GCC_C_LANGUAGE_STANDARD = gnu11;
				GCC_NO_COMMON_BLOCKS = YES;
				GCC_WARN_64_TO_32_BIT_CONVERSION = YES;
				GCC_WARN_ABOUT_RETURN_TYPE = YES_ERROR;
				GCC_WARN_UNDECLARED_SELECTOR = YES;
				GCC_WARN_UNINITIALIZED_AUTOS = YES_AGGRESSIVE;
				GCC_WARN_UNUSED_FUNCTION = YES;
				GCC_WARN_UNUSED_VARIABLE = YES;
				IPHONEOS_DEPLOYMENT_TARGET = 15.5;
				MTL_ENABLE_DEBUG_INFO = NO;
				MTL_FAST_MATH = YES;
				SDKROOT = iphoneos;
				SWIFT_COMPILATION_MODE = wholemodule;
				SWIFT_OPTIMIZATION_LEVEL = "-O";
				VALIDATE_PRODUCT = YES;
			};
			name = Release;
		};
		DCADA59F28CFD235004F9A04 /* Debug */ = {
			isa = XCBuildConfiguration;
			buildSettings = {
				ASSETCATALOG_COMPILER_APPICON_NAME = AppIcon;
				ASSETCATALOG_COMPILER_GLOBAL_ACCENT_COLOR_NAME = AccentColor;
				CODE_SIGN_STYLE = Automatic;
				CURRENT_PROJECT_VERSION = 1;
				GENERATE_INFOPLIST_FILE = YES;
				INFOPLIST_FILE = "CSE438-HannaFu-Lab1/Info.plist";
				INFOPLIST_KEY_UIApplicationSupportsIndirectInputEvents = YES;
				INFOPLIST_KEY_UILaunchStoryboardName = LaunchScreen;
				INFOPLIST_KEY_UIMainStoryboardFile = Main;
				INFOPLIST_KEY_UISupportedInterfaceOrientations_iPad = "UIInterfaceOrientationPortrait UIInterfaceOrientationPortraitUpsideDown UIInterfaceOrientationLandscapeLeft UIInterfaceOrientationLandscapeRight";
				INFOPLIST_KEY_UISupportedInterfaceOrientations_iPhone = "UIInterfaceOrientationPortrait UIInterfaceOrientationLandscapeLeft UIInterfaceOrientationLandscapeRight";
				LD_RUNPATH_SEARCH_PATHS = (
					"$(inherited)",
					"@executable_path/Frameworks",
				);
				MARKETING_VERSION = 1.0;
				PRODUCT_BUNDLE_IDENTIFIER = "MobileAppHfu.CSE438-HannaFu-Lab1";
				PRODUCT_NAME = "$(TARGET_NAME)";
				SWIFT_EMIT_LOC_STRINGS = YES;
				SWIFT_VERSION = 5.0;
				TARGETED_DEVICE_FAMILY = "1,2";
			};
			name = Debug;
		};
		DCADA5A028CFD235004F9A04 /* Release */ = {
			isa = XCBuildConfiguration;
			buildSettings = {
				ASSETCATALOG_COMPILER_APPICON_NAME = AppIcon;
				ASSETCATALOG_COMPILER_GLOBAL_ACCENT_COLOR_NAME = AccentColor;
				CODE_SIGN_STYLE = Automatic;
				CURRENT_PROJECT_VERSION = 1;
				GENERATE_INFOPLIST_FILE = YES;
				INFOPLIST_FILE = "CSE438-HannaFu-Lab1/Info.plist";
				INFOPLIST_KEY_UIApplicationSupportsIndirectInputEvents = YES;
				INFOPLIST_KEY_UILaunchStoryboardName = LaunchScreen;
				INFOPLIST_KEY_UIMainStoryboardFile = Main;
				INFOPLIST_KEY_UISupportedInterfaceOrientations_iPad = "UIInterfaceOrientationPortrait UIInterfaceOrientationPortraitUpsideDown UIInterfaceOrientationLandscapeLeft UIInterfaceOrientationLandscapeRight";
				INFOPLIST_KEY_UISupportedInterfaceOrientations_iPhone = "UIInterfaceOrientationPortrait UIInterfaceOrientationLandscapeLeft UIInterfaceOrientationLandscapeRight";
				LD_RUNPATH_SEARCH_PATHS = (
					"$(inherited)",
					"@executable_path/Frameworks",
				);
				MARKETING_VERSION = 1.0;
				PRODUCT_BUNDLE_IDENTIFIER = "MobileAppHfu.CSE438-HannaFu-Lab1";
				PRODUCT_NAME = "$(TARGET_NAME)";
				SWIFT_EMIT_LOC_STRINGS = YES;
				SWIFT_VERSION = 5.0;
				TARGETED_DEVICE_FAMILY = "1,2";
			};
			name = Release;
		};
		DCADA5A228CFD235004F9A04 /* Debug */ = {
			isa = XCBuildConfiguration;
			buildSettings = {
				ALWAYS_EMBED_SWIFT_STANDARD_LIBRARIES = YES;
				BUNDLE_LOADER = "$(TEST_HOST)";
				CODE_SIGN_STYLE = Automatic;
				CURRENT_PROJECT_VERSION = 1;
				GENERATE_INFOPLIST_FILE = YES;
				IPHONEOS_DEPLOYMENT_TARGET = 15.5;
				MARKETING_VERSION = 1.0;
				PRODUCT_BUNDLE_IDENTIFIER = "MobileAppHfu.CSE438-HannaFu-Lab1Tests";
				PRODUCT_NAME = "$(TARGET_NAME)";
				SWIFT_EMIT_LOC_STRINGS = NO;
				SWIFT_VERSION = 5.0;
				TARGETED_DEVICE_FAMILY = "1,2";
				TEST_HOST = "$(BUILT_PRODUCTS_DIR)/CSE438-HannaFu-Lab1.app/CSE438-HannaFu-Lab1";
			};
			name = Debug;
		};
		DCADA5A328CFD235004F9A04 /* Release */ = {
			isa = XCBuildConfiguration;
			buildSettings = {
				ALWAYS_EMBED_SWIFT_STANDARD_LIBRARIES = YES;
				BUNDLE_LOADER = "$(TEST_HOST)";
				CODE_SIGN_STYLE = Automatic;
				CURRENT_PROJECT_VERSION = 1;
				GENERATE_INFOPLIST_FILE = YES;
				IPHONEOS_DEPLOYMENT_TARGET = 15.5;
				MARKETING_VERSION = 1.0;
				PRODUCT_BUNDLE_IDENTIFIER = "MobileAppHfu.CSE438-HannaFu-Lab1Tests";
				PRODUCT_NAME = "$(TARGET_NAME)";
				SWIFT_EMIT_LOC_STRINGS = NO;
				SWIFT_VERSION = 5.0;
				TARGETED_DEVICE_FAMILY = "1,2";
				TEST_HOST = "$(BUILT_PRODUCTS_DIR)/CSE438-HannaFu-Lab1.app/CSE438-HannaFu-Lab1";
			};
			name = Release;
		};
		DCADA5A528CFD235004F9A04 /* Debug */ = {
			isa = XCBuildConfiguration;
			buildSettings = {
				ALWAYS_EMBED_SWIFT_STANDARD_LIBRARIES = YES;
				CODE_SIGN_STYLE = Automatic;
				CURRENT_PROJECT_VERSION = 1;
				GENERATE_INFOPLIST_FILE = YES;
				MARKETING_VERSION = 1.0;
				PRODUCT_BUNDLE_IDENTIFIER = "MobileAppHfu.CSE438-HannaFu-Lab1UITests";
				PRODUCT_NAME = "$(TARGET_NAME)";
				SWIFT_EMIT_LOC_STRINGS = NO;
				SWIFT_VERSION = 5.0;
				TARGETED_DEVICE_FAMILY = "1,2";
				TEST_TARGET_NAME = "CSE438-HannaFu-Lab1";
			};
			name = Debug;
		};
		DCADA5A628CFD235004F9A04 /* Release */ = {
			isa = XCBuildConfiguration;
			buildSettings = {
				ALWAYS_EMBED_SWIFT_STANDARD_LIBRARIES = YES;
				CODE_SIGN_STYLE = Automatic;
				CURRENT_PROJECT_VERSION = 1;
				GENERATE_INFOPLIST_FILE = YES;
				MARKETING_VERSION = 1.0;
				PRODUCT_BUNDLE_IDENTIFIER = "MobileAppHfu.CSE438-HannaFu-Lab1UITests";
				PRODUCT_NAME = "$(TARGET_NAME)";
				SWIFT_EMIT_LOC_STRINGS = NO;
				SWIFT_VERSION = 5.0;
				TARGETED_DEVICE_FAMILY = "1,2";
				TEST_TARGET_NAME = "CSE438-HannaFu-Lab1";
			};
			name = Release;
		};
/* End XCBuildConfiguration section */

/* Begin XCConfigurationList section */
		DCADA56F28CFD233004F9A04 /* Build configuration list for PBXProject "CSE438-HannaFu-Lab1" */ = {
			isa = XCConfigurationList;
			buildConfigurations = (
				DCADA59C28CFD235004F9A04 /* Debug */,
				DCADA59D28CFD235004F9A04 /* Release */,
			);
			defaultConfigurationIsVisible = 0;
			defaultConfigurationName = Release;
		};
		DCADA59E28CFD235004F9A04 /* Build configuration list for PBXNativeTarget "CSE438-HannaFu-Lab1" */ = {
			isa = XCConfigurationList;
			buildConfigurations = (
				DCADA59F28CFD235004F9A04 /* Debug */,
				DCADA5A028CFD235004F9A04 /* Release */,
			);
			defaultConfigurationIsVisible = 0;
			defaultConfigurationName = Release;
		};
		DCADA5A128CFD235004F9A04 /* Build configuration list for PBXNativeTarget "CSE438-HannaFu-Lab1Tests" */ = {
			isa = XCConfigurationList;
			buildConfigurations = (
				DCADA5A228CFD235004F9A04 /* Debug */,
				DCADA5A328CFD235004F9A04 /* Release */,
			);
			defaultConfigurationIsVisible = 0;
			defaultConfigurationName = Release;
		};
		DCADA5A428CFD235004F9A04 /* Build configuration list for PBXNativeTarget "CSE438-HannaFu-Lab1UITests" */ = {
			isa = XCConfigurationList;
			buildConfigurations = (
				DCADA5A528CFD235004F9A04 /* Debug */,
				DCADA5A628CFD235004F9A04 /* Release */,
			);
			defaultConfigurationIsVisible = 0;
			defaultConfigurationName = Release;
		};
/* End XCConfigurationList section */
	};
	rootObject = DCADA56C28CFD233004F9A04 /* Project object */;
}
